
Microsoft Visual Studio Solution File, Format Version 12.00
# Visual Studio Version 17
VisualStudioVersion = 17.14.36705.20 d17.14
MinimumVisualStudioVersion = 10.0.40219.1
Project("{FAE04EC0-301F-11D3-BF4B-00C04F79EFBC}") = "jQuery DateTable MVC", "jQuery DateTable MVC\jQuery DateTable MVC.csproj", "{7EDFE739-4219-4094-B3CC-1F12C801019C}"
EndProject
Global
	GlobalSection(SolutionConfigurationPlatforms) = preSolution
		Debug|Any CPU = Debug|Any CPU
		Release|Any CPU = Release|Any CPU
	EndGlobalSection
	GlobalSection(ProjectConfigurationPlatforms) = postSolution
		{7EDFE739-4219-4094-B3CC-1F12C801019C}.Debug|Any CPU.ActiveCfg = Debug|Any CPU
		{7EDFE739-4219-4094-B3CC-1F12C801019C}.Debug|Any CPU.Build.0 = Debug|Any CPU
		{7EDFE739-4219-4094-B3CC-1F12C801019C}.Release|Any CPU.ActiveCfg = Release|Any CPU
		{7EDFE739-4219-4094-B3CC-1F12C801019C}.Release|Any CPU.Build.0 = Release|Any CPU
	EndGlobalSection
	GlobalSection(SolutionProperties) = preSolution
		HideSolutionNode = FALSE
	EndGlobalSection
	GlobalSection(ExtensibilityGlobals) = postSolution
		SolutionGuid = {352B2974-8797-499D-B3EC-3DC75698F5E9}
	EndGlobalSection
EndGlobal
